dependencies:
- name: cert-manager
  repository: oci://quay.io/jetstack/charts
  version: v1.18.2
- name: training-operators
  repository: file://charts/training-operators
  version: 0.1.0
- name: mlflow
  repository: file://charts/mlflow
  version: 0.1.0
- name: nvidia-device-plugin
  repository: https://nvidia.github.io/k8s-device-plugin
  version: 0.16.1
- name: aws-efa-k8s-device-plugin
  repository: https://aws.github.io/eks-charts/
  version: v0.5.20
- name: neuron-device-plugin
  repository: file://charts/neuron-device-plugin
  version: v0.1.0
- name: storage
  repository: file://charts/storage
  version: 0.1.0
- name: health-monitoring-agent
  repository: file://charts/health-monitoring-agent
  version: 0.1.0
- name: mpi-operator
  repository: file://charts/mpi-operator
  version: 0.1.0
- name: deep-health-check
  repository: file://charts/deep-health-check
  version: 0.1.0
- name: job-auto-restart
  repository: file://charts/job-auto-restart
  version: 0.1.0
- name: cluster-role-and-bindings
  repository: file://charts/cluster-role-and-bindings
  version: 0.1.0
- name: namespaced-role-and-bindings
  repository: file://charts/namespaced-role-and-bindings
  version: 0.1.0
- name: team-role-and-bindings
  repository: file://charts/team-role-and-bindings
  version: 0.1.0
- name: hyperpod-inference-operator
  repository: file://charts/inference-operator
  version: 2.0.0
- name: hyperpod-patching
  repository: file://charts/hyperpod-patching
  version: 0.1.0
- name: gpu-operator
  repository: file://charts/gpu-operator
  version: 0.1.0
digest: sha256:c2186dc068544a6ad0479723905bf5be3f077fc3f9a5d78684fdea2fe2688aa6
generated: "2026-03-09T04:35:44.553592811Z"
